
Microsoft Visual Studio Solution File, Format Version 12.00
# Visual Studio Version 17
VisualStudioVersion = 17.14.36408.4
MinimumVisualStudioVersion = 10.0.40219.1
Project("{2150E333-8FDC-42A3-9474-1A3956D46DE8}") = "behaviouralDesignPatterns", "behaviouralDesignPatterns", "{02EA681E-C7D8-13C7-8484-4AC65E1B71E8}"
EndProject
Project("{2150E333-8FDC-42A3-9474-1A3956D46DE8}") = "CreationalDesignPatterns", "CreationalDesignPatterns", "{A9B4D8D6-DC6C-4395-8A67-34815D72DBDF}"
EndProject
Project("{FAE04EC0-301F-11D3-BF4B-00C04F79EFBC}") = "ObserverPattern", "BehaviouralDesignPatterns\ObserverPattern\ObserverPattern.csproj", "{CCC3C0B4-0953-EA93-246C-F24C38C3DA62}"
EndProject
Project("{FAE04EC0-301F-11D3-BF4B-00C04F79EFBC}") = "ObserverPattern02", "BehaviouralDesignPatterns\ObserverPattern02\ObserverPattern02.csproj", "{0AC59A20-AE16-D160-93CA-540E97844EE1}"
EndProject
Project("{FAE04EC0-301F-11D3-BF4B-00C04F79EFBC}") = "Pub&Sub", "BehaviouralDesignPatterns\Pub&Sub\Pub&Sub.csproj", "{9B09D379-0C5D-4525-56F9-546C52C008E2}"
EndProject
Project("{FAE04EC0-301F-11D3-BF4B-00C04F79EFBC}") = "Strategy", "BehaviouralDesignPatterns\StrategyPattern\Strategy.csproj", "{878BAB12-2A53-76A7-ADA4-DDAE447D22AC}"
EndProject
Project("{FAE04EC0-301F-11D3-BF4B-00C04F79EFBC}") = "Strategy02", "BehaviouralDesignPatterns\Strategy02\Strategy02.csproj", "{6441829E-2CBF-3A76-C98D-3B830905C788}"
EndProject
Project("{2150E333-8FDC-42A3-9474-1A3956D46DE8}") = "StructuralDesignPatterns", "StructuralDesignPatterns", "{E9AC4CD0-8341-49A5-BA39-27B89F6FBEAA}"
EndProject
Project("{FAE04EC0-301F-11D3-BF4B-00C04F79EFBC}") = "FactoryMethodPattern", "CreationalDesignPatterns\FactoryMethodPattern\FactoryMethodPattern.csproj", "{ABBBE778-AC93-43D5-A6DA-CE0FBFD5557C}"
EndProject
Global
	GlobalSection(SolutionConfigurationPlatforms) = preSolution
		Debug|Any CPU = Debug|Any CPU
		Release|Any CPU = Release|Any CPU
	EndGlobalSection
	GlobalSection(ProjectConfigurationPlatforms) = postSolution
		{CCC3C0B4-0953-EA93-246C-F24C38C3DA62}.Debug|Any CPU.ActiveCfg = Debug|Any CPU
		{CCC3C0B4-0953-EA93-246C-F24C38C3DA62}.Debug|Any CPU.Build.0 = Debug|Any CPU
		{CCC3C0B4-0953-EA93-246C-F24C38C3DA62}.Release|Any CPU.ActiveCfg = Release|Any CPU
		{CCC3C0B4-0953-EA93-246C-F24C38C3DA62}.Release|Any CPU.Build.0 = Release|Any CPU
		{0AC59A20-AE16-D160-93CA-540E97844EE1}.Debug|Any CPU.ActiveCfg = Debug|Any CPU
		{0AC59A20-AE16-D160-93CA-540E97844EE1}.Debug|Any CPU.Build.0 = Debug|Any CPU
		{0AC59A20-AE16-D160-93CA-540E97844EE1}.Release|Any CPU.ActiveCfg = Release|Any CPU
		{0AC59A20-AE16-D160-93CA-540E97844EE1}.Release|Any CPU.Build.0 = Release|Any CPU
		{9B09D379-0C5D-4525-56F9-546C52C008E2}.Debug|Any CPU.ActiveCfg = Debug|Any CPU
		{9B09D379-0C5D-4525-56F9-546C52C008E2}.Debug|Any CPU.Build.0 = Debug|Any CPU
		{9B09D379-0C5D-4525-56F9-546C52C008E2}.Release|Any CPU.ActiveCfg = Release|Any CPU
		{9B09D379-0C5D-4525-56F9-546C52C008E2}.Release|Any CPU.Build.0 = Release|Any CPU
		{878BAB12-2A53-76A7-ADA4-DDAE447D22AC}.Debug|Any CPU.ActiveCfg = Debug|Any CPU
		{878BAB12-2A53-76A7-ADA4-DDAE447D22AC}.Debug|Any CPU.Build.0 = Debug|Any CPU
		{878BAB12-2A53-76A7-ADA4-DDAE447D22AC}.Release|Any CPU.ActiveCfg = Release|Any CPU
		{878BAB12-2A53-76A7-ADA4-DDAE447D22AC}.Release|Any CPU.Build.0 = Release|Any CPU
		{6441829E-2CBF-3A76-C98D-3B830905C788}.Debug|Any CPU.ActiveCfg = Debug|Any CPU
		{6441829E-2CBF-3A76-C98D-3B830905C788}.Debug|Any CPU.Build.0 = Debug|Any CPU
		{6441829E-2CBF-3A76-C98D-3B830905C788}.Release|Any CPU.ActiveCfg = Release|Any CPU
		{6441829E-2CBF-3A76-C98D-3B830905C788}.Release|Any CPU.Build.0 = Release|Any CPU
		{ABBBE778-AC93-43D5-A6DA-CE0FBFD5557C}.Debug|Any CPU.ActiveCfg = Debug|Any CPU
		{ABBBE778-AC93-43D5-A6DA-CE0FBFD5557C}.Debug|Any CPU.Build.0 = Debug|Any CPU
		{ABBBE778-AC93-43D5-A6DA-CE0FBFD5557C}.Release|Any CPU.ActiveCfg = Release|Any CPU
		{ABBBE778-AC93-43D5-A6DA-CE0FBFD5557C}.Release|Any CPU.Build.0 = Release|Any CPU
	EndGlobalSection
	GlobalSection(SolutionProperties) = preSolution
		HideSolutionNode = FALSE
	EndGlobalSection
	GlobalSection(NestedProjects) = preSolution
		{CCC3C0B4-0953-EA93-246C-F24C38C3DA62} = {02EA681E-C7D8-13C7-8484-4AC65E1B71E8}
		{0AC59A20-AE16-D160-93CA-540E97844EE1} = {02EA681E-C7D8-13C7-8484-4AC65E1B71E8}
		{9B09D379-0C5D-4525-56F9-546C52C008E2} = {02EA681E-C7D8-13C7-8484-4AC65E1B71E8}
		{878BAB12-2A53-76A7-ADA4-DDAE447D22AC} = {02EA681E-C7D8-13C7-8484-4AC65E1B71E8}
		{6441829E-2CBF-3A76-C98D-3B830905C788} = {02EA681E-C7D8-13C7-8484-4AC65E1B71E8}
		{ABBBE778-AC93-43D5-A6DA-CE0FBFD5557C} = {A9B4D8D6-DC6C-4395-8A67-34815D72DBDF}
	EndGlobalSection
	GlobalSection(ExtensibilityGlobals) = postSolution
		SolutionGuid = {F51AC19D-BF8D-47D3-B2D3-89FD8F0C42D6}
	EndGlobalSection
EndGlobal
