
Microsoft Visual Studio Solution File, Format Version 12.00
# Visual Studio Version 17
VisualStudioVersion = 17.14.36408.4 d17.14
MinimumVisualStudioVersion = 10.0.40219.1
Project("{FAE04EC0-301F-11D3-BF4B-00C04F79EFBC}") = "Strategy", "StrategyPattern\Strategy.csproj", "{017EF831-4F2D-421B-8625-A0F27963A453}"
EndProject
Project("{2150E333-8FDC-42A3-9474-1A3956D46DE8}") = "behaviouralDesignPattern", "behaviouralDesignPattern", "{02EA681E-C7D8-13C7-8484-4AC65E1B71E8}"
EndProject
Global
	GlobalSection(SolutionConfigurationPlatforms) = preSolution
		Debug|Any CPU = Debug|Any CPU
		Release|Any CPU = Release|Any CPU
	EndGlobalSection
	GlobalSection(ProjectConfigurationPlatforms) = postSolution
		{017EF831-4F2D-421B-8625-A0F27963A453}.Debug|Any CPU.ActiveCfg = Debug|Any CPU
		{017EF831-4F2D-421B-8625-A0F27963A453}.Debug|Any CPU.Build.0 = Debug|Any CPU
		{017EF831-4F2D-421B-8625-A0F27963A453}.Release|Any CPU.ActiveCfg = Release|Any CPU
		{017EF831-4F2D-421B-8625-A0F27963A453}.Release|Any CPU.Build.0 = Release|Any CPU
	EndGlobalSection
	GlobalSection(SolutionProperties) = preSolution
		HideSolutionNode = FALSE
	EndGlobalSection
	GlobalSection(NestedProjects) = preSolution
		{017EF831-4F2D-421B-8625-A0F27963A453} = {02EA681E-C7D8-13C7-8484-4AC65E1B71E8}
	EndGlobalSection
	GlobalSection(ExtensibilityGlobals) = postSolution
		SolutionGuid = {F51AC19D-BF8D-47D3-B2D3-89FD8F0C42D6}
	EndGlobalSection
EndGlobal
